{
  "name": "anonymous-voting-root",
  "version": "1.0.0",
  "lockfileVersion": 3,
  "requires": true,
  "packages": {
    "": {
      "name": "anonymous-voting-root",
      "version": "1.0.0",
      "dependencies": {
        "anonymous-voting-root": "file:"
      },
      "engines": {
        "node": "18.x"
      }
    },
    "node_modules/anonymous-voting-root": {
      "resolved": "",
      "link": true
    }
  }
}
